
Microsoft Visual Studio Solution File, Format Version 12.00
# Visual Studio Version 16
VisualStudioVersion = 16.0.30517.126
MinimumVisualStudioVersion = 10.0.40219.1
Project("{FAE04EC0-301F-11D3-BF4B-00C04F79EFBC}") = "VideoStreamingShop.Core", "VideoStreamingShop.Core\VideoStreamingShop.Core.csproj", "{27762C42-19D2-4703-AD93-0545B7A98270}"
EndProject
Project("{FAE04EC0-301F-11D3-BF4B-00C04F79EFBC}") = "VideoStreamingShop.Infrasturcture", "VideoStreamingShop.Infrasturcture\VideoStreamingShop.Infrasturcture.csproj", "{CE81649B-B7A7-4EF6-B1C0-588323A1EBD0}"
EndProject
Project("{FAE04EC0-301F-11D3-BF4B-00C04F79EFBC}") = "VideoStreamingShop.MVC", "VideoStreamingShop.MVC\VideoStreamingShop.MVC.csproj", "{17801811-6221-4F7B-85E6-E3994E26E1BC}"
EndProject
Global
	GlobalSection(SolutionConfigurationPlatforms) = preSolution
		Debug|Any CPU = Debug|Any CPU
		Release|Any CPU = Release|Any CPU
	EndGlobalSection
	GlobalSection(ProjectConfigurationPlatforms) = postSolution
		{27762C42-19D2-4703-AD93-0545B7A98270}.Debug|Any CPU.ActiveCfg = Debug|Any CPU
		{27762C42-19D2-4703-AD93-0545B7A98270}.Debug|Any CPU.Build.0 = Debug|Any CPU
		{27762C42-19D2-4703-AD93-0545B7A98270}.Release|Any CPU.ActiveCfg = Release|Any CPU
		{27762C42-19D2-4703-AD93-0545B7A98270}.Release|Any CPU.Build.0 = Release|Any CPU
		{CE81649B-B7A7-4EF6-B1C0-588323A1EBD0}.Debug|Any CPU.ActiveCfg = Debug|Any CPU
		{CE81649B-B7A7-4EF6-B1C0-588323A1EBD0}.Debug|Any CPU.Build.0 = Debug|Any CPU
		{CE81649B-B7A7-4EF6-B1C0-588323A1EBD0}.Release|Any CPU.ActiveCfg = Release|Any CPU
		{CE81649B-B7A7-4EF6-B1C0-588323A1EBD0}.Release|Any CPU.Build.0 = Release|Any CPU
		{17801811-6221-4F7B-85E6-E3994E26E1BC}.Debug|Any CPU.ActiveCfg = Debug|Any CPU
		{17801811-6221-4F7B-85E6-E3994E26E1BC}.Debug|Any CPU.Build.0 = Debug|Any CPU
		{17801811-6221-4F7B-85E6-E3994E26E1BC}.Release|Any CPU.ActiveCfg = Release|Any CPU
		{17801811-6221-4F7B-85E6-E3994E26E1BC}.Release|Any CPU.Build.0 = Release|Any CPU
	EndGlobalSection
	GlobalSection(SolutionProperties) = preSolution
		HideSolutionNode = FALSE
	EndGlobalSection
	GlobalSection(ExtensibilityGlobals) = postSolution
		SolutionGuid = {B67A591C-8C24-41F5-9DC3-550745963524}
	EndGlobalSection
EndGlobal
